{
  "lockfileVersion": 1,
  "workspaces": {
    "": {
      "dependencies": {
        "tom-select": "^2.4.3",
      },
    },
  },
  "packages": {
    "@orchidjs/sifter": ["@orchidjs/sifter@1.1.0", "", { "dependencies": { "@orchidjs/unicode-variants": "^1.1.2" } }, "sha512-mYwHCfr736cIWWdhhSZvDbf90AKt2xyrJspKFC3qyIJG1LtrJeJunYEqCGG4Aq2ijENbc4WkOjszcvNaIAS/pQ=="],

    "@orchidjs/unicode-variants": ["@orchidjs/unicode-variants@1.1.2", "", {}, "sha512-5DobW1CHgnBROOEpFlEXytED5OosEWESFvg/VYmH0143oXcijYTprRYJTs+55HzGM4IqxiLFSuqEzu9mPNwVsA=="],

    "tom-select": ["tom-select@2.4.3", "", { "dependencies": { "@orchidjs/sifter": "^1.1.0", "@orchidjs/unicode-variants": "^1.1.2" } }, "sha512-MFFrMxP1bpnAMPbdvPCZk0KwYxLqhYZso39torcdoefeV/NThNyDu8dV96/INJ5XQVTL3O55+GqQ78Pkj5oCfw=="],
  }
}
